
Microsoft Visual Studio Solution File, Format Version 12.00
# Visual Studio 2008
Project("{FAE04EC0-301F-11D3-BF4B-00C04F79EFBC}") = "vs2008-msmq", "vs2008-msmq.csproj", "{A5FCA129-991B-4CB2-987A-B25E43B0F5EC}"
EndProject
Project("{FAE04EC0-301F-11D3-BF4B-00C04F79EFBC}") = "vs2008-msmq-test", "vs2008-msmq-test.csproj", "{2F31ED5C-44A2-464A-BD55-2B5B010654E8}"
EndProject
Global
	GlobalSection(SubversionScc) = preSolution
		Svn-Managed = True
		Manager = AnkhSVN - Subversion Support for Visual Studio
	EndGlobalSection
	GlobalSection(SolutionConfigurationPlatforms) = preSolution
		Debug|Any CPU = Debug|Any CPU
		Release|Any CPU = Release|Any CPU
	EndGlobalSection
	GlobalSection(ProjectConfigurationPlatforms) = postSolution
		{A5FCA129-991B-4CB2-987A-B25E43B0F5EC}.Debug|Any CPU.ActiveCfg = Debug|Any CPU
		{A5FCA129-991B-4CB2-987A-B25E43B0F5EC}.Debug|Any CPU.Build.0 = Debug|Any CPU
		{A5FCA129-991B-4CB2-987A-B25E43B0F5EC}.Release|Any CPU.ActiveCfg = Release|Any CPU
		{A5FCA129-991B-4CB2-987A-B25E43B0F5EC}.Release|Any CPU.Build.0 = Release|Any CPU
		{2F31ED5C-44A2-464A-BD55-2B5B010654E8}.Debug|Any CPU.ActiveCfg = Debug|Any CPU
		{2F31ED5C-44A2-464A-BD55-2B5B010654E8}.Debug|Any CPU.Build.0 = Debug|Any CPU
		{2F31ED5C-44A2-464A-BD55-2B5B010654E8}.Release|Any CPU.ActiveCfg = Release|Any CPU
		{2F31ED5C-44A2-464A-BD55-2B5B010654E8}.Release|Any CPU.Build.0 = Release|Any CPU
	EndGlobalSection
	GlobalSection(SolutionProperties) = preSolution
		HideSolutionNode = FALSE
	EndGlobalSection
EndGlobal
